
Microsoft Visual Studio Solution File, Format Version 12.00
# Visual Studio 15
VisualStudioVersion = 15.0.28307.852
MinimumVisualStudioVersion = 10.0.40219.1
Project("{8BC9CEB8-8B4A-11D0-8D11-00A0C91BC942}") = "ApplicationConsole1", "ApplicationConsole1\ApplicationConsole1.vcxproj", "{4022F8D3-F623-4BDC-AF76-6009258FB0D2}"
EndProject
Global
	GlobalSection(SolutionConfigurationPlatforms) = preSolution
		Debug|x64 = Debug|x64
		Debug|x86 = Debug|x86
		Release|x64 = Release|x64
		Release|x86 = Release|x86
	EndGlobalSection
	GlobalSection(ProjectConfigurationPlatforms) = postSolution
		{4022F8D3-F623-4BDC-AF76-6009258FB0D2}.Debug|x64.ActiveCfg = Debug|x64
		{4022F8D3-F623-4BDC-AF76-6009258FB0D2}.Debug|x64.Build.0 = Debug|x64
		{4022F8D3-F623-4BDC-AF76-6009258FB0D2}.Debug|x86.ActiveCfg = Debug|Win32
		{4022F8D3-F623-4BDC-AF76-6009258FB0D2}.Debug|x86.Build.0 = Debug|Win32
		{4022F8D3-F623-4BDC-AF76-6009258FB0D2}.Release|x64.ActiveCfg = Release|x64
		{4022F8D3-F623-4BDC-AF76-6009258FB0D2}.Release|x64.Build.0 = Release|x64
		{4022F8D3-F623-4BDC-AF76-6009258FB0D2}.Release|x86.ActiveCfg = Release|Win32
		{4022F8D3-F623-4BDC-AF76-6009258FB0D2}.Release|x86.Build.0 = Release|Win32
	EndGlobalSection
	GlobalSection(SolutionProperties) = preSolution
		HideSolutionNode = FALSE
	EndGlobalSection
	GlobalSection(ExtensibilityGlobals) = postSolution
		SolutionGuid = {DE5B3F4B-7FA4-4B8C-B646-166500EB4142}
	EndGlobalSection
EndGlobal
